
Microsoft Visual Studio Solution File, Format Version 12.00
# Visual Studio 15
VisualStudioVersion = 15.0.28307.852
MinimumVisualStudioVersion = 10.0.40219.1
Project("{2150E333-8FDC-42A3-9474-1A3956D46DE8}") = "UnitTest", "UnitTest", "{774AE280-B01D-49D4-BF6C-4D9F2C66FD6A}"
EndProject
Project("{2150E333-8FDC-42A3-9474-1A3956D46DE8}") = "VGP242", "VGP242", "{F8F97F18-A6EA-42FF-B48D-4589FDDCC32D}"
EndProject
Project("{2150E333-8FDC-42A3-9474-1A3956D46DE8}") = "Engine", "Engine", "{59D97D77-4B1E-42A4-9AC5-6AD4FFE2D819}"
EndProject
Project("{2150E333-8FDC-42A3-9474-1A3956D46DE8}") = "Framework", "Framework", "{FB1CCE89-92C6-4FC0-B8D9-9F6125BC0BB0}"
EndProject
Project("{8BC9CEB8-8B4A-11D0-8D11-00A0C91BC942}") = "Core", "Framework\Core\Core.vcxproj", "{3774C3EC-C77A-4AC9-B472-5AB91BC33E3C}"
EndProject
Project("{8BC9CEB8-8B4A-11D0-8D11-00A0C91BC942}") = "Math", "Framework\Math\Math.vcxproj", "{609F4881-107D-446C-9338-6F5876C09297}"
EndProject
Project("{8BC9CEB8-8B4A-11D0-8D11-00A0C91BC942}") = "MathTest", "UnitTest\MathTest\MathTest.vcxproj", "{C9BEFC4C-E13C-46E8-A5F2-73F4DED0172F}"
EndProject
Project("{8BC9CEB8-8B4A-11D0-8D11-00A0C91BC942}") = "01_HelloWindow", "VGP242\01_HelloWindow\01_HelloWindow.vcxproj", "{93048D3A-B0D7-48DC-8E49-26C9C212574C}"
EndProject
Project("{8BC9CEB8-8B4A-11D0-8D11-00A0C91BC942}") = "JimmyGodEngine", "Engine\JimmyGodEngine\JimmyGodEngine.vcxproj", "{B716E344-9A3B-468E-801F-639410D47B30}"
EndProject
Project("{2150E333-8FDC-42A3-9474-1A3956D46DE8}") = "External", "External", "{D2C6CB84-A383-4E38-91DD-6C36ACA78869}"
EndProject
Project("{8BC9CEB8-8B4A-11D0-8D11-00A0C91BC942}") = "DirectXTK_Desktop_2017", "External\DirectXTK\DirectXTK_Desktop_2017.vcxproj", "{E0B52AE7-E160-4D32-BF3F-910B785E5A8E}"
EndProject
Project("{8BC9CEB8-8B4A-11D0-8D11-00A0C91BC942}") = "Graphics", "Framework\Graphics\Graphics.vcxproj", "{06E6ABDE-CF57-4616-A611-454834E8C04A}"
EndProject
Project("{8BC9CEB8-8B4A-11D0-8D11-00A0C91BC942}") = "Input", "Framework\Input\Input.vcxproj", "{02DC0CE5-72DF-4F89-8AF2-FF9C0E351A1A}"
EndProject
Project("{8BC9CEB8-8B4A-11D0-8D11-00A0C91BC942}") = "02_HelloDirectX", "VGP242\02_HelloDirectX\02_HelloDirectX.vcxproj", "{BA6EC5F2-342F-4D37-A771-DDA8AE114B0F}"
EndProject
Project("{8BC9CEB8-8B4A-11D0-8D11-00A0C91BC942}") = "03_HelloTriangle", "VGP242\03_HelloTriangle\03_HelloTriangle.vcxproj", "{DE122EFD-77DB-4470-AD88-B79273F56D82}"
EndProject
Project("{2150E333-8FDC-42A3-9474-1A3956D46DE8}") = "Assets", "Assets", "{E2DB21C2-B7DB-4203-944B-74A55A13A41E}"
EndProject
Project("{2150E333-8FDC-42A3-9474-1A3956D46DE8}") = "Shaders", "Shaders", "{662ADD28-56C0-4094-B23B-B8B1C0F8DCC7}"
	ProjectSection(SolutionItems) = preProject
		Assets\Shaders\DepthMap.fx = Assets\Shaders\DepthMap.fx
		Assets\Shaders\DoGouraudShading.fx = Assets\Shaders\DoGouraudShading.fx
		Assets\Shaders\DoNothing.fx = Assets\Shaders\DoNothing.fx
		Assets\Shaders\DoPhongShading.fx = Assets\Shaders\DoPhongShading.fx
		Assets\Shaders\DoSomething.fx = Assets\Shaders\DoSomething.fx
		Assets\Shaders\DoTexturing.fx = Assets\Shaders\DoTexturing.fx
		Assets\Shaders\DoTransform.fx = Assets\Shaders\DoTransform.fx
		Assets\Shaders\Earth.fx = Assets\Shaders\Earth.fx
		Assets\Shaders\Final.fx = Assets\Shaders\Final.fx
		Assets\Shaders\PostProcess.fx = Assets\Shaders\PostProcess.fx
		Assets\Shaders\SimpleDraw.fx = Assets\Shaders\SimpleDraw.fx
		Assets\Shaders\Standard.fx = Assets\Shaders\Standard.fx
		Assets\Shaders\Terrain.fx = Assets\Shaders\Terrain.fx
	EndProjectSection
EndProject
Project("{8BC9CEB8-8B4A-11D0-8D11-00A0C91BC942}") = "04_HelloShapes", "VGP242\04_HelloShapes\04_HelloShapes.vcxproj", "{E20861E2-033D-4A69-9DA2-4EC61FA1B1DA}"
EndProject
Project("{8BC9CEB8-8B4A-11D0-8D11-00A0C91BC942}") = "05_HelloCube", "VGP242\05_HelloCube\05_HelloCube.vcxproj", "{B5DE06C5-72B0-4906-B4BE-B0500656C0B1}"
EndProject
Project("{8BC9CEB8-8B4A-11D0-8D11-00A0C91BC942}") = "06_HelloTexturing", "VGP242\06_HelloTexturing\06_HelloTexturing.vcxproj", "{A7D23008-FA01-4989-A959-52949122978D}"
EndProject
Project("{8BC9CEB8-8B4A-11D0-8D11-00A0C91BC942}") = "07_HelloEarth", "VGP242\07_HelloEarth\07_HelloEarth.vcxproj", "{109C3256-CEDF-4553-AFBB-C05FC058551C}"
EndProject
Project("{2150E333-8FDC-42A3-9474-1A3956D46DE8}") = "VGP330", "VGP330", "{40E6239D-D0DE-41A3-9E7A-B87501FFDCB4}"
EndProject
Project("{8BC9CEB8-8B4A-11D0-8D11-00A0C91BC942}") = "ImGui", "External\ImGui\ImGui.vcxproj", "{41AC97D1-C7C9-46C3-9DB3-8AAF77C61C2E}"
EndProject
Project("{8BC9CEB8-8B4A-11D0-8D11-00A0C91BC942}") = "08_HelloImGui", "VGP330\08_HelloImGui\08_HelloImGui.vcxproj", "{6DB3748C-A14E-4048-8A50-FBD3B358FA22}"
EndProject
Project("{8BC9CEB8-8B4A-11D0-8D11-00A0C91BC942}") = "09_HelloLighting", "VGP330\09_HelloLighting\09_HelloLighting.vcxproj", "{64C1E0F0-73BC-4410-A911-4D989003AF9D}"
EndProject
Project("{8BC9CEB8-8B4A-11D0-8D11-00A0C91BC942}") = "10_HelloEarth", "VGP330\10_HelloEarth\10_HelloEarth.vcxproj", "{1A133E9C-BAF2-451A-A3E2-221698A29287}"
EndProject
Project("{8BC9CEB8-8B4A-11D0-8D11-00A0C91BC942}") = "11_HelloPostProcessing", "VGP330\11_HelloPostProcessing\11_HelloPostProcessing.vcxproj", "{749E2756-3FCA-4783-8DB9-1E7E3B43288D}"
EndProject
Project("{8BC9CEB8-8B4A-11D0-8D11-00A0C91BC942}") = "12_HelloShadowMapping", "VGP330\12_HelloShadowMapping\12_HelloShadowMapping.vcxproj", "{2716B92D-552F-40F5-8081-03B9C301D57C}"
EndProject
Project("{2150E333-8FDC-42A3-9474-1A3956D46DE8}") = "Models", "Models", "{C25E0A17-BB67-478F-92C2-04014310652F}"
EndProject
Project("{8BC9CEB8-8B4A-11D0-8D11-00A0C91BC942}") = "13_HelloTerrain", "VGP330\13_HelloTerrain\13_HelloTerrain.vcxproj", "{70909C1D-61DD-4D45-81AA-46EC6BA5BB98}"
EndProject
Project("{8BC9CEB8-8B4A-11D0-8D11-00A0C91BC942}") = "14_FinalProject", "VGP330\14_FinalProject\14_FinalProject.vcxproj", "{C6CF575F-82DB-4B39-89B4-A3C993F4F228}"
EndProject
Project("{2150E333-8FDC-42A3-9474-1A3956D46DE8}") = "VGP334", "VGP334", "{626101DD-5654-42DF-A6E9-D87C9C3CF980}"
EndProject
Project("{8BC9CEB8-8B4A-11D0-8D11-00A0C91BC942}") = "15_HelloAnimation", "VGP334\15_HelloAnimation\15_HelloAnimation.vcxproj", "{8C9F14F1-DAB7-4DEB-9AC1-386EB745C00B}"
EndProject
Project("{2150E333-8FDC-42A3-9474-1A3956D46DE8}") = "Tools", "Tools", "{7F303CC8-F6E1-40E2-ACA5-F87C7A45837B}"
EndProject
Project("{8BC9CEB8-8B4A-11D0-8D11-00A0C91BC942}") = "ModelImporter", "Tools\ModelImporter\ModelImporter.vcxproj", "{7AC0D922-1AE1-4B29-9202-FB8FE342251E}"
EndProject
Project("{8BC9CEB8-8B4A-11D0-8D11-00A0C91BC942}") = "16_HelloModel", "VGP334\16_HelloModel\16_HelloModel.vcxproj", "{DE2E0548-EB99-4EEC-A49D-3552ACB85FC1}"
EndProject
Project("{8BC9CEB8-8B4A-11D0-8D11-00A0C91BC942}") = "17_HelloSkeletonAnimation", "VGP334\17_HelloSkeletonAnimation\17_HelloSkeletonAnimation.vcxproj", "{A23024E0-FCDF-43F1-8AB1-950DDA5D1E7F}"
EndProject
Project("{8BC9CEB8-8B4A-11D0-8D11-00A0C91BC942}") = "Physics", "Framework\Physics\Physics.vcxproj", "{2B35EBDC-C562-4093-B1EC-FE94727FF81F}"
EndProject
Project("{8BC9CEB8-8B4A-11D0-8D11-00A0C91BC942}") = "18_HelloPhysics", "VGP334\18_HelloPhysics\18_HelloPhysics.vcxproj", "{D4E967DA-0AA6-4EC7-AEEE-9D3AF75208DE}"
EndProject
Global
	GlobalSection(SolutionConfigurationPlatforms) = preSolution
		Debug|x64 = Debug|x64
		Debug|x86 = Debug|x86
		Release|x64 = Release|x64
		Release|x86 = Release|x86
	EndGlobalSection
	GlobalSection(ProjectConfigurationPlatforms) = postSolution
		{3774C3EC-C77A-4AC9-B472-5AB91BC33E3C}.Debug|x64.ActiveCfg = Debug|x64
		{3774C3EC-C77A-4AC9-B472-5AB91BC33E3C}.Debug|x64.Build.0 = Debug|x64
		{3774C3EC-C77A-4AC9-B472-5AB91BC33E3C}.Debug|x86.ActiveCfg = Debug|Win32
		{3774C3EC-C77A-4AC9-B472-5AB91BC33E3C}.Debug|x86.Build.0 = Debug|Win32
		{3774C3EC-C77A-4AC9-B472-5AB91BC33E3C}.Release|x64.ActiveCfg = Release|x64
		{3774C3EC-C77A-4AC9-B472-5AB91BC33E3C}.Release|x64.Build.0 = Release|x64
		{3774C3EC-C77A-4AC9-B472-5AB91BC33E3C}.Release|x86.ActiveCfg = Release|Win32
		{3774C3EC-C77A-4AC9-B472-5AB91BC33E3C}.Release|x86.Build.0 = Release|Win32
		{609F4881-107D-446C-9338-6F5876C09297}.Debug|x64.ActiveCfg = Debug|x64
		{609F4881-107D-446C-9338-6F5876C09297}.Debug|x64.Build.0 = Debug|x64
		{609F4881-107D-446C-9338-6F5876C09297}.Debug|x86.ActiveCfg = Debug|Win32
		{609F4881-107D-446C-9338-6F5876C09297}.Debug|x86.Build.0 = Debug|Win32
		{609F4881-107D-446C-9338-6F5876C09297}.Release|x64.ActiveCfg = Release|x64
		{609F4881-107D-446C-9338-6F5876C09297}.Release|x64.Build.0 = Release|x64
		{609F4881-107D-446C-9338-6F5876C09297}.Release|x86.ActiveCfg = Release|Win32
		{609F4881-107D-446C-9338-6F5876C09297}.Release|x86.Build.0 = Release|Win32
		{C9BEFC4C-E13C-46E8-A5F2-73F4DED0172F}.Debug|x64.ActiveCfg = Debug|x64
		{C9BEFC4C-E13C-46E8-A5F2-73F4DED0172F}.Debug|x64.Build.0 = Debug|x64
		{C9BEFC4C-E13C-46E8-A5F2-73F4DED0172F}.Debug|x86.ActiveCfg = Debug|Win32
		{C9BEFC4C-E13C-46E8-A5F2-73F4DED0172F}.Debug|x86.Build.0 = Debug|Win32
		{C9BEFC4C-E13C-46E8-A5F2-73F4DED0172F}.Release|x64.ActiveCfg = Release|x64
		{C9BEFC4C-E13C-46E8-A5F2-73F4DED0172F}.Release|x64.Build.0 = Release|x64
		{C9BEFC4C-E13C-46E8-A5F2-73F4DED0172F}.Release|x86.ActiveCfg = Release|Win32
		{C9BEFC4C-E13C-46E8-A5F2-73F4DED0172F}.Release|x86.Build.0 = Release|Win32
		{93048D3A-B0D7-48DC-8E49-26C9C212574C}.Debug|x64.ActiveCfg = Debug|x64
		{93048D3A-B0D7-48DC-8E49-26C9C212574C}.Debug|x64.Build.0 = Debug|x64
		{93048D3A-B0D7-48DC-8E49-26C9C212574C}.Debug|x86.ActiveCfg = Debug|Win32
		{93048D3A-B0D7-48DC-8E49-26C9C212574C}.Debug|x86.Build.0 = Debug|Win32
		{93048D3A-B0D7-48DC-8E49-26C9C212574C}.Release|x64.ActiveCfg = Release|x64
		{93048D3A-B0D7-48DC-8E49-26C9C212574C}.Release|x64.Build.0 = Release|x64
		{93048D3A-B0D7-48DC-8E49-26C9C212574C}.Release|x86.ActiveCfg = Release|Win32
		{93048D3A-B0D7-48DC-8E49-26C9C212574C}.Release|x86.Build.0 = Release|Win32
		{B716E344-9A3B-468E-801F-639410D47B30}.Debug|x64.ActiveCfg = Debug|x64
		{B716E344-9A3B-468E-801F-639410D47B30}.Debug|x64.Build.0 = Debug|x64
		{B716E344-9A3B-468E-801F-639410D47B30}.Debug|x86.ActiveCfg = Debug|Win32
		{B716E344-9A3B-468E-801F-639410D47B30}.Debug|x86.Build.0 = Debug|Win32
		{B716E344-9A3B-468E-801F-639410D47B30}.Release|x64.ActiveCfg = Release|x64
		{B716E344-9A3B-468E-801F-639410D47B30}.Release|x64.Build.0 = Release|x64
		{B716E344-9A3B-468E-801F-639410D47B30}.Release|x86.ActiveCfg = Release|Win32
		{B716E344-9A3B-468E-801F-639410D47B30}.Release|x86.Build.0 = Release|Win32
		{E0B52AE7-E160-4D32-BF3F-910B785E5A8E}.Debug|x64.ActiveCfg = Debug|x64
		{E0B52AE7-E160-4D32-BF3F-910B785E5A8E}.Debug|x64.Build.0 = Debug|x64
		{E0B52AE7-E160-4D32-BF3F-910B785E5A8E}.Debug|x86.ActiveCfg = Debug|Win32
		{E0B52AE7-E160-4D32-BF3F-910B785E5A8E}.Debug|x86.Build.0 = Debug|Win32
		{E0B52AE7-E160-4D32-BF3F-910B785E5A8E}.Release|x64.ActiveCfg = Release|x64
		{E0B52AE7-E160-4D32-BF3F-910B785E5A8E}.Release|x64.Build.0 = Release|x64
		{E0B52AE7-E160-4D32-BF3F-910B785E5A8E}.Release|x86.ActiveCfg = Release|Win32
		{E0B52AE7-E160-4D32-BF3F-910B785E5A8E}.Release|x86.Build.0 = Release|Win32
		{06E6ABDE-CF57-4616-A611-454834E8C04A}.Debug|x64.ActiveCfg = Debug|x64
		{06E6ABDE-CF57-4616-A611-454834E8C04A}.Debug|x64.Build.0 = Debug|x64
		{06E6ABDE-CF57-4616-A611-454834E8C04A}.Debug|x86.ActiveCfg = Debug|Win32
		{06E6ABDE-CF57-4616-A611-454834E8C04A}.Debug|x86.Build.0 = Debug|Win32
		{06E6ABDE-CF57-4616-A611-454834E8C04A}.Release|x64.ActiveCfg = Release|x64
		{06E6ABDE-CF57-4616-A611-454834E8C04A}.Release|x64.Build.0 = Release|x64
		{06E6ABDE-CF57-4616-A611-454834E8C04A}.Release|x86.ActiveCfg = Release|Win32
		{06E6ABDE-CF57-4616-A611-454834E8C04A}.Release|x86.Build.0 = Release|Win32
		{02DC0CE5-72DF-4F89-8AF2-FF9C0E351A1A}.Debug|x64.ActiveCfg = Debug|x64
		{02DC0CE5-72DF-4F89-8AF2-FF9C0E351A1A}.Debug|x64.Build.0 = Debug|x64
		{02DC0CE5-72DF-4F89-8AF2-FF9C0E351A1A}.Debug|x86.ActiveCfg = Debug|Win32
		{02DC0CE5-72DF-4F89-8AF2-FF9C0E351A1A}.Debug|x86.Build.0 = Debug|Win32
		{02DC0CE5-72DF-4F89-8AF2-FF9C0E351A1A}.Release|x64.ActiveCfg = Release|x64
		{02DC0CE5-72DF-4F89-8AF2-FF9C0E351A1A}.Release|x64.Build.0 = Release|x64
		{02DC0CE5-72DF-4F89-8AF2-FF9C0E351A1A}.Release|x86.ActiveCfg = Release|Win32
		{02DC0CE5-72DF-4F89-8AF2-FF9C0E351A1A}.Release|x86.Build.0 = Release|Win32
		{BA6EC5F2-342F-4D37-A771-DDA8AE114B0F}.Debug|x64.ActiveCfg = Debug|x64
		{BA6EC5F2-342F-4D37-A771-DDA8AE114B0F}.Debug|x64.Build.0 = Debug|x64
		{BA6EC5F2-342F-4D37-A771-DDA8AE114B0F}.Debug|x86.ActiveCfg = Debug|Win32
		{BA6EC5F2-342F-4D37-A771-DDA8AE114B0F}.Debug|x86.Build.0 = Debug|Win32
		{BA6EC5F2-342F-4D37-A771-DDA8AE114B0F}.Release|x64.ActiveCfg = Release|x64
		{BA6EC5F2-342F-4D37-A771-DDA8AE114B0F}.Release|x64.Build.0 = Release|x64
		{BA6EC5F2-342F-4D37-A771-DDA8AE114B0F}.Release|x86.ActiveCfg = Release|Win32
		{BA6EC5F2-342F-4D37-A771-DDA8AE114B0F}.Release|x86.Build.0 = Release|Win32
		{DE122EFD-77DB-4470-AD88-B79273F56D82}.Debug|x64.ActiveCfg = Debug|x64
		{DE122EFD-77DB-4470-AD88-B79273F56D82}.Debug|x64.Build.0 = Debug|x64
		{DE122EFD-77DB-4470-AD88-B79273F56D82}.Debug|x86.ActiveCfg = Debug|Win32
		{DE122EFD-77DB-4470-AD88-B79273F56D82}.Debug|x86.Build.0 = Debug|Win32
		{DE122EFD-77DB-4470-AD88-B79273F56D82}.Release|x64.ActiveCfg = Release|x64
		{DE122EFD-77DB-4470-AD88-B79273F56D82}.Release|x64.Build.0 = Release|x64
		{DE122EFD-77DB-4470-AD88-B79273F56D82}.Release|x86.ActiveCfg = Release|Win32
		{DE122EFD-77DB-4470-AD88-B79273F56D82}.Release|x86.Build.0 = Release|Win32
		{E20861E2-033D-4A69-9DA2-4EC61FA1B1DA}.Debug|x64.ActiveCfg = Debug|x64
		{E20861E2-033D-4A69-9DA2-4EC61FA1B1DA}.Debug|x64.Build.0 = Debug|x64
		{E20861E2-033D-4A69-9DA2-4EC61FA1B1DA}.Debug|x86.ActiveCfg = Debug|Win32
		{E20861E2-033D-4A69-9DA2-4EC61FA1B1DA}.Debug|x86.Build.0 = Debug|Win32
		{E20861E2-033D-4A69-9DA2-4EC61FA1B1DA}.Release|x64.ActiveCfg = Release|x64
		{E20861E2-033D-4A69-9DA2-4EC61FA1B1DA}.Release|x64.Build.0 = Release|x64
		{E20861E2-033D-4A69-9DA2-4EC61FA1B1DA}.Release|x86.ActiveCfg = Release|Win32
		{E20861E2-033D-4A69-9DA2-4EC61FA1B1DA}.Release|x86.Build.0 = Release|Win32
		{B5DE06C5-72B0-4906-B4BE-B0500656C0B1}.Debug|x64.ActiveCfg = Debug|x64
		{B5DE06C5-72B0-4906-B4BE-B0500656C0B1}.Debug|x64.Build.0 = Debug|x64
		{B5DE06C5-72B0-4906-B4BE-B0500656C0B1}.Debug|x86.ActiveCfg = Debug|Win32
		{B5DE06C5-72B0-4906-B4BE-B0500656C0B1}.Debug|x86.Build.0 = Debug|Win32
		{B5DE06C5-72B0-4906-B4BE-B0500656C0B1}.Release|x64.ActiveCfg = Release|x64
		{B5DE06C5-72B0-4906-B4BE-B0500656C0B1}.Release|x64.Build.0 = Release|x64
		{B5DE06C5-72B0-4906-B4BE-B0500656C0B1}.Release|x86.ActiveCfg = Release|Win32
		{B5DE06C5-72B0-4906-B4BE-B0500656C0B1}.Release|x86.Build.0 = Release|Win32
		{A7D23008-FA01-4989-A959-52949122978D}.Debug|x64.ActiveCfg = Debug|x64
		{A7D23008-FA01-4989-A959-52949122978D}.Debug|x64.Build.0 = Debug|x64
		{A7D23008-FA01-4989-A959-52949122978D}.Debug|x86.ActiveCfg = Debug|Win32
		{A7D23008-FA01-4989-A959-52949122978D}.Debug|x86.Build.0 = Debug|Win32
		{A7D23008-FA01-4989-A959-52949122978D}.Release|x64.ActiveCfg = Release|x64
		{A7D23008-FA01-4989-A959-52949122978D}.Release|x64.Build.0 = Release|x64
		{A7D23008-FA01-4989-A959-52949122978D}.Release|x86.ActiveCfg = Release|Win32
		{A7D23008-FA01-4989-A959-52949122978D}.Release|x86.Build.0 = Release|Win32
		{109C3256-CEDF-4553-AFBB-C05FC058551C}.Debug|x64.ActiveCfg = Debug|x64
		{109C3256-CEDF-4553-AFBB-C05FC058551C}.Debug|x64.Build.0 = Debug|x64
		{109C3256-CEDF-4553-AFBB-C05FC058551C}.Debug|x86.ActiveCfg = Debug|Win32
		{109C3256-CEDF-4553-AFBB-C05FC058551C}.Debug|x86.Build.0 = Debug|Win32
		{109C3256-CEDF-4553-AFBB-C05FC058551C}.Release|x64.ActiveCfg = Release|x64
		{109C3256-CEDF-4553-AFBB-C05FC058551C}.Release|x64.Build.0 = Release|x64
		{109C3256-CEDF-4553-AFBB-C05FC058551C}.Release|x86.ActiveCfg = Release|Win32
		{109C3256-CEDF-4553-AFBB-C05FC058551C}.Release|x86.Build.0 = Release|Win32
		{41AC97D1-C7C9-46C3-9DB3-8AAF77C61C2E}.Debug|x64.ActiveCfg = Debug|x64
		{41AC97D1-C7C9-46C3-9DB3-8AAF77C61C2E}.Debug|x64.Build.0 = Debug|x64
		{41AC97D1-C7C9-46C3-9DB3-8AAF77C61C2E}.Debug|x86.ActiveCfg = Debug|Win32
		{41AC97D1-C7C9-46C3-9DB3-8AAF77C61C2E}.Debug|x86.Build.0 = Debug|Win32
		{41AC97D1-C7C9-46C3-9DB3-8AAF77C61C2E}.Release|x64.ActiveCfg = Release|x64
		{41AC97D1-C7C9-46C3-9DB3-8AAF77C61C2E}.Release|x64.Build.0 = Release|x64
		{41AC97D1-C7C9-46C3-9DB3-8AAF77C61C2E}.Release|x86.ActiveCfg = Release|Win32
		{41AC97D1-C7C9-46C3-9DB3-8AAF77C61C2E}.Release|x86.Build.0 = Release|Win32
		{6DB3748C-A14E-4048-8A50-FBD3B358FA22}.Debug|x64.ActiveCfg = Debug|x64
		{6DB3748C-A14E-4048-8A50-FBD3B358FA22}.Debug|x64.Build.0 = Debug|x64
		{6DB3748C-A14E-4048-8A50-FBD3B358FA22}.Debug|x86.ActiveCfg = Debug|Win32
		{6DB3748C-A14E-4048-8A50-FBD3B358FA22}.Debug|x86.Build.0 = Debug|Win32
		{6DB3748C-A14E-4048-8A50-FBD3B358FA22}.Release|x64.ActiveCfg = Release|x64
		{6DB3748C-A14E-4048-8A50-FBD3B358FA22}.Release|x64.Build.0 = Release|x64
		{6DB3748C-A14E-4048-8A50-FBD3B358FA22}.Release|x86.ActiveCfg = Release|Win32
		{6DB3748C-A14E-4048-8A50-FBD3B358FA22}.Release|x86.Build.0 = Release|Win32
		{64C1E0F0-73BC-4410-A911-4D989003AF9D}.Debug|x64.ActiveCfg = Debug|x64
		{64C1E0F0-73BC-4410-A911-4D989003AF9D}.Debug|x64.Build.0 = Debug|x64
		{64C1E0F0-73BC-4410-A911-4D989003AF9D}.Debug|x86.ActiveCfg = Debug|Win32
		{64C1E0F0-73BC-4410-A911-4D989003AF9D}.Debug|x86.Build.0 = Debug|Win32
		{64C1E0F0-73BC-4410-A911-4D989003AF9D}.Release|x64.ActiveCfg = Release|x64
		{64C1E0F0-73BC-4410-A911-4D989003AF9D}.Release|x64.Build.0 = Release|x64
		{64C1E0F0-73BC-4410-A911-4D989003AF9D}.Release|x86.ActiveCfg = Release|Win32
		{64C1E0F0-73BC-4410-A911-4D989003AF9D}.Release|x86.Build.0 = Release|Win32
		{1A133E9C-BAF2-451A-A3E2-221698A29287}.Debug|x64.ActiveCfg = Debug|x64
		{1A133E9C-BAF2-451A-A3E2-221698A29287}.Debug|x64.Build.0 = Debug|x64
		{1A133E9C-BAF2-451A-A3E2-221698A29287}.Debug|x86.ActiveCfg = Debug|Win32
		{1A133E9C-BAF2-451A-A3E2-221698A29287}.Debug|x86.Build.0 = Debug|Win32
		{1A133E9C-BAF2-451A-A3E2-221698A29287}.Release|x64.ActiveCfg = Release|x64
		{1A133E9C-BAF2-451A-A3E2-221698A29287}.Release|x64.Build.0 = Release|x64
		{1A133E9C-BAF2-451A-A3E2-221698A29287}.Release|x86.ActiveCfg = Release|Win32
		{1A133E9C-BAF2-451A-A3E2-221698A29287}.Release|x86.Build.0 = Release|Win32
		{749E2756-3FCA-4783-8DB9-1E7E3B43288D}.Debug|x64.ActiveCfg = Debug|x64
		{749E2756-3FCA-4783-8DB9-1E7E3B43288D}.Debug|x64.Build.0 = Debug|x64
		{749E2756-3FCA-4783-8DB9-1E7E3B43288D}.Debug|x86.ActiveCfg = Debug|Win32
		{749E2756-3FCA-4783-8DB9-1E7E3B43288D}.Debug|x86.Build.0 = Debug|Win32
		{749E2756-3FCA-4783-8DB9-1E7E3B43288D}.Release|x64.ActiveCfg = Release|x64
		{749E2756-3FCA-4783-8DB9-1E7E3B43288D}.Release|x64.Build.0 = Release|x64
		{749E2756-3FCA-4783-8DB9-1E7E3B43288D}.Release|x86.ActiveCfg = Release|Win32
		{749E2756-3FCA-4783-8DB9-1E7E3B43288D}.Release|x86.Build.0 = Release|Win32
		{2716B92D-552F-40F5-8081-03B9C301D57C}.Debug|x64.ActiveCfg = Debug|x64
		{2716B92D-552F-40F5-8081-03B9C301D57C}.Debug|x64.Build.0 = Debug|x64
		{2716B92D-552F-40F5-8081-03B9C301D57C}.Debug|x86.ActiveCfg = Debug|Win32
		{2716B92D-552F-40F5-8081-03B9C301D57C}.Debug|x86.Build.0 = Debug|Win32
		{2716B92D-552F-40F5-8081-03B9C301D57C}.Release|x64.ActiveCfg = Release|x64
		{2716B92D-552F-40F5-8081-03B9C301D57C}.Release|x64.Build.0 = Release|x64
		{2716B92D-552F-40F5-8081-03B9C301D57C}.Release|x86.ActiveCfg = Release|Win32
		{2716B92D-552F-40F5-8081-03B9C301D57C}.Release|x86.Build.0 = Release|Win32
		{70909C1D-61DD-4D45-81AA-46EC6BA5BB98}.Debug|x64.ActiveCfg = Debug|x64
		{70909C1D-61DD-4D45-81AA-46EC6BA5BB98}.Debug|x64.Build.0 = Debug|x64
		{70909C1D-61DD-4D45-81AA-46EC6BA5BB98}.Debug|x86.ActiveCfg = Debug|Win32
		{70909C1D-61DD-4D45-81AA-46EC6BA5BB98}.Debug|x86.Build.0 = Debug|Win32
		{70909C1D-61DD-4D45-81AA-46EC6BA5BB98}.Release|x64.ActiveCfg = Release|x64
		{70909C1D-61DD-4D45-81AA-46EC6BA5BB98}.Release|x64.Build.0 = Release|x64
		{70909C1D-61DD-4D45-81AA-46EC6BA5BB98}.Release|x86.ActiveCfg = Release|Win32
		{70909C1D-61DD-4D45-81AA-46EC6BA5BB98}.Release|x86.Build.0 = Release|Win32
		{C6CF575F-82DB-4B39-89B4-A3C993F4F228}.Debug|x64.ActiveCfg = Debug|x64
		{C6CF575F-82DB-4B39-89B4-A3C993F4F228}.Debug|x64.Build.0 = Debug|x64
		{C6CF575F-82DB-4B39-89B4-A3C993F4F228}.Debug|x86.ActiveCfg = Debug|Win32
		{C6CF575F-82DB-4B39-89B4-A3C993F4F228}.Debug|x86.Build.0 = Debug|Win32
		{C6CF575F-82DB-4B39-89B4-A3C993F4F228}.Release|x64.ActiveCfg = Release|x64
		{C6CF575F-82DB-4B39-89B4-A3C993F4F228}.Release|x64.Build.0 = Release|x64
		{C6CF575F-82DB-4B39-89B4-A3C993F4F228}.Release|x86.ActiveCfg = Release|Win32
		{C6CF575F-82DB-4B39-89B4-A3C993F4F228}.Release|x86.Build.0 = Release|Win32
		{8C9F14F1-DAB7-4DEB-9AC1-386EB745C00B}.Debug|x64.ActiveCfg = Debug|x64
		{8C9F14F1-DAB7-4DEB-9AC1-386EB745C00B}.Debug|x64.Build.0 = Debug|x64
		{8C9F14F1-DAB7-4DEB-9AC1-386EB745C00B}.Debug|x86.ActiveCfg = Debug|Win32
		{8C9F14F1-DAB7-4DEB-9AC1-386EB745C00B}.Debug|x86.Build.0 = Debug|Win32
		{8C9F14F1-DAB7-4DEB-9AC1-386EB745C00B}.Release|x64.ActiveCfg = Release|x64
		{8C9F14F1-DAB7-4DEB-9AC1-386EB745C00B}.Release|x64.Build.0 = Release|x64
		{8C9F14F1-DAB7-4DEB-9AC1-386EB745C00B}.Release|x86.ActiveCfg = Release|Win32
		{8C9F14F1-DAB7-4DEB-9AC1-386EB745C00B}.Release|x86.Build.0 = Release|Win32
		{7AC0D922-1AE1-4B29-9202-FB8FE342251E}.Debug|x64.ActiveCfg = Debug|x64
		{7AC0D922-1AE1-4B29-9202-FB8FE342251E}.Debug|x64.Build.0 = Debug|x64
		{7AC0D922-1AE1-4B29-9202-FB8FE342251E}.Debug|x86.ActiveCfg = Debug|Win32
		{7AC0D922-1AE1-4B29-9202-FB8FE342251E}.Debug|x86.Build.0 = Debug|Win32
		{7AC0D922-1AE1-4B29-9202-FB8FE342251E}.Release|x64.ActiveCfg = Release|x64
		{7AC0D922-1AE1-4B29-9202-FB8FE342251E}.Release|x64.Build.0 = Release|x64
		{7AC0D922-1AE1-4B29-9202-FB8FE342251E}.Release|x86.ActiveCfg = Release|Win32
		{7AC0D922-1AE1-4B29-9202-FB8FE342251E}.Release|x86.Build.0 = Release|Win32
		{DE2E0548-EB99-4EEC-A49D-3552ACB85FC1}.Debug|x64.ActiveCfg = Debug|x64
		{DE2E0548-EB99-4EEC-A49D-3552ACB85FC1}.Debug|x64.Build.0 = Debug|x64
		{DE2E0548-EB99-4EEC-A49D-3552ACB85FC1}.Debug|x86.ActiveCfg = Debug|Win32
		{DE2E0548-EB99-4EEC-A49D-3552ACB85FC1}.Debug|x86.Build.0 = Debug|Win32
		{DE2E0548-EB99-4EEC-A49D-3552ACB85FC1}.Release|x64.ActiveCfg = Release|x64
		{DE2E0548-EB99-4EEC-A49D-3552ACB85FC1}.Release|x64.Build.0 = Release|x64
		{DE2E0548-EB99-4EEC-A49D-3552ACB85FC1}.Release|x86.ActiveCfg = Release|Win32
		{DE2E0548-EB99-4EEC-A49D-3552ACB85FC1}.Release|x86.Build.0 = Release|Win32
		{A23024E0-FCDF-43F1-8AB1-950DDA5D1E7F}.Debug|x64.ActiveCfg = Debug|x64
		{A23024E0-FCDF-43F1-8AB1-950DDA5D1E7F}.Debug|x64.Build.0 = Debug|x64
		{A23024E0-FCDF-43F1-8AB1-950DDA5D1E7F}.Debug|x86.ActiveCfg = Debug|Win32
		{A23024E0-FCDF-43F1-8AB1-950DDA5D1E7F}.Debug|x86.Build.0 = Debug|Win32
		{A23024E0-FCDF-43F1-8AB1-950DDA5D1E7F}.Release|x64.ActiveCfg = Release|x64
		{A23024E0-FCDF-43F1-8AB1-950DDA5D1E7F}.Release|x64.Build.0 = Release|x64
		{A23024E0-FCDF-43F1-8AB1-950DDA5D1E7F}.Release|x86.ActiveCfg = Release|Win32
		{A23024E0-FCDF-43F1-8AB1-950DDA5D1E7F}.Release|x86.Build.0 = Release|Win32
		{2B35EBDC-C562-4093-B1EC-FE94727FF81F}.Debug|x64.ActiveCfg = Debug|x64
		{2B35EBDC-C562-4093-B1EC-FE94727FF81F}.Debug|x64.Build.0 = Debug|x64
		{2B35EBDC-C562-4093-B1EC-FE94727FF81F}.Debug|x86.ActiveCfg = Debug|Win32
		{2B35EBDC-C562-4093-B1EC-FE94727FF81F}.Debug|x86.Build.0 = Debug|Win32
		{2B35EBDC-C562-4093-B1EC-FE94727FF81F}.Release|x64.ActiveCfg = Release|x64
		{2B35EBDC-C562-4093-B1EC-FE94727FF81F}.Release|x64.Build.0 = Release|x64
		{2B35EBDC-C562-4093-B1EC-FE94727FF81F}.Release|x86.ActiveCfg = Release|Win32
		{2B35EBDC-C562-4093-B1EC-FE94727FF81F}.Release|x86.Build.0 = Release|Win32
		{D4E967DA-0AA6-4EC7-AEEE-9D3AF75208DE}.Debug|x64.ActiveCfg = Debug|x64
		{D4E967DA-0AA6-4EC7-AEEE-9D3AF75208DE}.Debug|x64.Build.0 = Debug|x64
		{D4E967DA-0AA6-4EC7-AEEE-9D3AF75208DE}.Debug|x86.ActiveCfg = Debug|Win32
		{D4E967DA-0AA6-4EC7-AEEE-9D3AF75208DE}.Debug|x86.Build.0 = Debug|Win32
		{D4E967DA-0AA6-4EC7-AEEE-9D3AF75208DE}.Release|x64.ActiveCfg = Release|x64
		{D4E967DA-0AA6-4EC7-AEEE-9D3AF75208DE}.Release|x64.Build.0 = Release|x64
		{D4E967DA-0AA6-4EC7-AEEE-9D3AF75208DE}.Release|x86.ActiveCfg = Release|Win32
		{D4E967DA-0AA6-4EC7-AEEE-9D3AF75208DE}.Release|x86.Build.0 = Release|Win32
	EndGlobalSection
	GlobalSection(SolutionProperties) = preSolution
		HideSolutionNode = FALSE
	EndGlobalSection
	GlobalSection(NestedProjects) = preSolution
		{3774C3EC-C77A-4AC9-B472-5AB91BC33E3C} = {FB1CCE89-92C6-4FC0-B8D9-9F6125BC0BB0}
		{609F4881-107D-446C-9338-6F5876C09297} = {FB1CCE89-92C6-4FC0-B8D9-9F6125BC0BB0}
		{C9BEFC4C-E13C-46E8-A5F2-73F4DED0172F} = {774AE280-B01D-49D4-BF6C-4D9F2C66FD6A}
		{93048D3A-B0D7-48DC-8E49-26C9C212574C} = {F8F97F18-A6EA-42FF-B48D-4589FDDCC32D}
		{B716E344-9A3B-468E-801F-639410D47B30} = {59D97D77-4B1E-42A4-9AC5-6AD4FFE2D819}
		{E0B52AE7-E160-4D32-BF3F-910B785E5A8E} = {D2C6CB84-A383-4E38-91DD-6C36ACA78869}
		{06E6ABDE-CF57-4616-A611-454834E8C04A} = {FB1CCE89-92C6-4FC0-B8D9-9F6125BC0BB0}
		{02DC0CE5-72DF-4F89-8AF2-FF9C0E351A1A} = {FB1CCE89-92C6-4FC0-B8D9-9F6125BC0BB0}
		{BA6EC5F2-342F-4D37-A771-DDA8AE114B0F} = {F8F97F18-A6EA-42FF-B48D-4589FDDCC32D}
		{DE122EFD-77DB-4470-AD88-B79273F56D82} = {F8F97F18-A6EA-42FF-B48D-4589FDDCC32D}
		{662ADD28-56C0-4094-B23B-B8B1C0F8DCC7} = {E2DB21C2-B7DB-4203-944B-74A55A13A41E}
		{E20861E2-033D-4A69-9DA2-4EC61FA1B1DA} = {F8F97F18-A6EA-42FF-B48D-4589FDDCC32D}
		{B5DE06C5-72B0-4906-B4BE-B0500656C0B1} = {F8F97F18-A6EA-42FF-B48D-4589FDDCC32D}
		{A7D23008-FA01-4989-A959-52949122978D} = {F8F97F18-A6EA-42FF-B48D-4589FDDCC32D}
		{109C3256-CEDF-4553-AFBB-C05FC058551C} = {F8F97F18-A6EA-42FF-B48D-4589FDDCC32D}
		{41AC97D1-C7C9-46C3-9DB3-8AAF77C61C2E} = {D2C6CB84-A383-4E38-91DD-6C36ACA78869}
		{6DB3748C-A14E-4048-8A50-FBD3B358FA22} = {40E6239D-D0DE-41A3-9E7A-B87501FFDCB4}
		{64C1E0F0-73BC-4410-A911-4D989003AF9D} = {40E6239D-D0DE-41A3-9E7A-B87501FFDCB4}
		{1A133E9C-BAF2-451A-A3E2-221698A29287} = {40E6239D-D0DE-41A3-9E7A-B87501FFDCB4}
		{749E2756-3FCA-4783-8DB9-1E7E3B43288D} = {40E6239D-D0DE-41A3-9E7A-B87501FFDCB4}
		{2716B92D-552F-40F5-8081-03B9C301D57C} = {40E6239D-D0DE-41A3-9E7A-B87501FFDCB4}
		{C25E0A17-BB67-478F-92C2-04014310652F} = {E2DB21C2-B7DB-4203-944B-74A55A13A41E}
		{70909C1D-61DD-4D45-81AA-46EC6BA5BB98} = {40E6239D-D0DE-41A3-9E7A-B87501FFDCB4}
		{C6CF575F-82DB-4B39-89B4-A3C993F4F228} = {40E6239D-D0DE-41A3-9E7A-B87501FFDCB4}
		{8C9F14F1-DAB7-4DEB-9AC1-386EB745C00B} = {626101DD-5654-42DF-A6E9-D87C9C3CF980}
		{7AC0D922-1AE1-4B29-9202-FB8FE342251E} = {7F303CC8-F6E1-40E2-ACA5-F87C7A45837B}
		{DE2E0548-EB99-4EEC-A49D-3552ACB85FC1} = {626101DD-5654-42DF-A6E9-D87C9C3CF980}
		{A23024E0-FCDF-43F1-8AB1-950DDA5D1E7F} = {626101DD-5654-42DF-A6E9-D87C9C3CF980}
		{2B35EBDC-C562-4093-B1EC-FE94727FF81F} = {FB1CCE89-92C6-4FC0-B8D9-9F6125BC0BB0}
		{D4E967DA-0AA6-4EC7-AEEE-9D3AF75208DE} = {626101DD-5654-42DF-A6E9-D87C9C3CF980}
	EndGlobalSection
	GlobalSection(ExtensibilityGlobals) = postSolution
		SolutionGuid = {F92E4EEF-27D5-486E-BE8A-0E975A93FEA2}
	EndGlobalSection
EndGlobal
