<?xml version="1.0" encoding="utf-8"?>
<Project ToolsVersion="4.0" xmlns="http://schemas.microsoft.com/developer/msbuild/2003">
  <ItemGroup>
    <ClCompile Include="GameState.cpp" />
    <ClCompile Include="WinMain.cpp" />
    <ClCompile Include="GridManager.cpp">
      <Filter>Managers</Filter>
    </ClCompile>
    <ClCompile Include="GameManager.cpp">
      <Filter>Managers</Filter>
    </ClCompile>
    <ClCompile Include="UIManager.cpp">
      <Filter>Managers</Filter>
    </ClCompile>
    <ClCompile Include="CharacterModule.cpp">
      <Filter>Unit</Filter>
    </ClCompile>
    <ClCompile Include="Unit.cpp">
      <Filter>Unit</Filter>
    </ClCompile>
    <ClCompile Include="HUD.cpp">
      <Filter>Managers</Filter>
    </ClCompile>
    <ClCompile Include="Soldier.cpp">
      <Filter>Unit</Filter>
    </ClCompile>
    <ClCompile Include="Mutant.cpp">
      <Filter>Unit</Filter>
    </ClCompile>
    <ClCompile Include="Environment.cpp">
      <Filter>Environment</Filter>
    </ClCompile>
  </ItemGroup>
  <ItemGroup>
    <ClInclude Include="GameState.h" />
    <ClInclude Include="GridManager.h">
      <Filter>Managers</Filter>
    </ClInclude>
    <ClInclude Include="GameManager.h">
      <Filter>Managers</Filter>
    </ClInclude>
    <ClInclude Include="UIManager.h">
      <Filter>Managers</Filter>
    </ClInclude>
    <ClInclude Include="CharacterModule.h">
      <Filter>Unit</Filter>
    </ClInclude>
    <ClInclude Include="Mutant.h">
      <Filter>Unit</Filter>
    </ClInclude>
    <ClInclude Include="Soldier.h">
      <Filter>Unit</Filter>
    </ClInclude>
    <ClInclude Include="Unit.h">
      <Filter>Unit</Filter>
    </ClInclude>
    <ClInclude Include="Flag.h">
      <Filter>Unit</Filter>
    </ClInclude>
    <ClInclude Include="HUD.h">
      <Filter>Managers</Filter>
    </ClInclude>
    <ClInclude Include="Environment.h">
      <Filter>Environment</Filter>
    </ClInclude>
    <ClInclude Include="Building.h">
      <Filter>Environment</Filter>
    </ClInclude>
    <ClInclude Include="Grass.h">
      <Filter>Environment</Filter>
    </ClInclude>
    <ClInclude Include="Strategy_Attack.h">
      <Filter>Managers</Filter>
    </ClInclude>
  </ItemGroup>
  <ItemGroup>
    <Filter Include="Managers">
      <UniqueIdentifier>{a3c00723-f9c6-4bda-8072-77e69b70ce1e}</UniqueIdentifier>
    </Filter>
    <Filter Include="Unit">
      <UniqueIdentifier>{d050a0fb-8cc0-4fe7-9643-bfb4fce1debb}</UniqueIdentifier>
    </Filter>
    <Filter Include="Environment">
      <UniqueIdentifier>{ad4f4e45-93e6-45c4-8a9e-9521b72d2b48}</UniqueIdentifier>
    </Filter>
  </ItemGroup>
</Project>