<?xml version="1.0" encoding="utf-8"?>
<Project ToolsVersion="4.0" xmlns="http://schemas.microsoft.com/developer/msbuild/2003">
  <ItemGroup>
    <ClCompile Include="GameState.cpp" />
    <ClCompile Include="WinMain.cpp" />
    <ClCompile Include="GridManager.cpp" />
    <ClCompile Include="CharacterModule.cpp" />
    <ClCompile Include="GameManager.cpp" />
    <ClCompile Include="Unit.cpp" />
    <ClCompile Include="UIManager.cpp" />
  </ItemGroup>
  <ItemGroup>
    <ClInclude Include="GameState.h" />
    <ClInclude Include="Unit.h" />
    <ClInclude Include="Flag.h" />
    <ClInclude Include="Soldier.h" />
    <ClInclude Include="Mutant.h" />
    <ClInclude Include="GridManager.h" />
    <ClInclude Include="CharacterModule.h" />
    <ClInclude Include="GameManager.h" />
    <ClInclude Include="UIManager.h" />
  </ItemGroup>
</Project>